// !$*UTF8*$!
{
	archiveVersion = 1;
	classes = {
	};
	objectVersion = 50;
	objects = {

/* Begin PBXBuildFile section */
		FC1D4D7221619FAD008AC2CC /* MealTableViewController.swift in Sources */ = {isa = PBXBuildFile; fileRef = FC1D4D7121619FAD008AC2CC /* MealTableViewController.swift */; };
		FC1EAE0521422ED100AA470D /* AppDelegate.swift in Sources */ = {isa = PBXBuildFile; fileRef = FC1EAE0421422ED100AA470D /* AppDelegate.swift */; };
		FC1EAE0721422ED100AA470D /* MealViewController.swift in Sources */ = {isa = PBXBuildFile; fileRef = FC1EAE0621422ED100AA470D /* MealViewController.swift */; };
		FC1EAE0A21422ED100AA470D /* Main.storyboard in Resources */ = {isa = PBXBuildFile; fileRef = FC1EAE0821422ED100AA470D /* Main.storyboard */; };
		FC1EAE0C21422ED300AA470D /* Assets.xcassets in Resources */ = {isa = PBXBuildFile; fileRef = FC1EAE0B21422ED300AA470D /* Assets.xcassets */; };
		FC1EAE0F21422ED300AA470D /* LaunchScreen.storyboard in Resources */ = {isa = PBXBuildFile; fileRef = FC1EAE0D21422ED300AA470D /* LaunchScreen.storyboard */; };
		FC1EAE1A21422ED300AA470D /* FoodTrackerTests.swift in Sources */ = {isa = PBXBuildFile; fileRef = FC1EAE1921422ED300AA470D /* FoodTrackerTests.swift */; };
		FC5CCCE621606ED6005FC4F6 /* Meal.swift in Sources */ = {isa = PBXBuildFile; fileRef = FC5CCCE521606ED6005FC4F6 /* Meal.swift */; };
		FC5CCCE82160994E005FC4F6 /* MealTableViewCell.swift in Sources */ = {isa = PBXBuildFile; fileRef = FC5CCCE72160994E005FC4F6 /* MealTableViewCell.swift */; };
		FC5E2B6D2144217C0048409F /* RatingControl.swift in Sources */ = {isa = PBXBuildFile; fileRef = FC5E2B6C2144217C0048409F /* RatingControl.swift */; };
/* End PBXBuildFile section */

/* Begin PBXContainerItemProxy section */
		FC1EAE1621422ED300AA470D /* PBXContainerItemProxy */ = {
			isa = PBXContainerItemProxy;
			containerPortal = FC1EADF921422ED100AA470D /* Project object */;
			proxyType = 1;
			remoteGlobalIDString = FC1EAE0021422ED100AA470D;
			remoteInfo = FoodTracker;
		};
/* End PBXContainerItemProxy section */

/* Begin PBXFileReference section */
		FC1D4D7121619FAD008AC2CC /* MealTableViewController.swift */ = {isa = PBXFileReference; lastKnownFileType = sourcecode.swift; path = MealTableViewController.swift; sourceTree = "<group>"; };
		FC1EAE0121422ED100AA470D /* FoodTracker.app */ = {isa = PBXFileReference; explicitFileType = wrapper.application; includeInIndex = 0; path = FoodTracker.app; sourceTree = BUILT_PRODUCTS_DIR; };
		FC1EAE0421422ED100AA470D /* AppDelegate.swift */ = {isa = PBXFileReference; lastKnownFileType = sourcecode.swift; path = AppDelegate.swift; sourceTree = "<group>"; };
		FC1EAE0621422ED100AA470D /* MealViewController.swift */ = {isa = PBXFileReference; lastKnownFileType = sourcecode.swift; path = MealViewController.swift; sourceTree = "<group>"; };
		FC1EAE0921422ED100AA470D /* Base */ = {isa = PBXFileReference; lastKnownFileType = file.storyboard; name = Base; path = Base.lproj/Main.storyboard; sourceTree = "<group>"; };
		FC1EAE0B21422ED300AA470D /* Assets.xcassets */ = {isa = PBXFileReference; lastKnownFileType = folder.assetcatalog; path = Assets.xcassets; sourceTree = "<group>"; };
		FC1EAE0E21422ED300AA470D /* Base */ = {isa = PBXFileReference; lastKnownFileType = file.storyboard; name = Base; path = Base.lproj/LaunchScreen.storyboard; sourceTree = "<group>"; };
		FC1EAE1021422ED300AA470D /* Info.plist */ = {isa = PBXFileReference; lastKnownFileType = text.plist.xml; path = Info.plist; sourceTree = "<group>"; };
		FC1EAE1521422ED300AA470D /* FoodTrackerTests.xctest */ = {isa = PBXFileReference; explicitFileType = wrapper.cfbundle; includeInIndex = 0; path = FoodTrackerTests.xctest; sourceTree = BUILT_PRODUCTS_DIR; };
		FC1EAE1921422ED300AA470D /* FoodTrackerTests.swift */ = {isa = PBXFileReference; lastKnownFileType = sourcecode.swift; path = FoodTrackerTests.swift; sourceTree = "<group>"; };
		FC1EAE1B21422ED300AA470D /* Info.plist */ = {isa = PBXFileReference; lastKnownFileType = text.plist.xml; path = Info.plist; sourceTree = "<group>"; };
		FC5CCCE521606ED6005FC4F6 /* Meal.swift */ = {isa = PBXFileReference; lastKnownFileType = sourcecode.swift; path = Meal.swift; sourceTree = "<group>"; };
		FC5CCCE72160994E005FC4F6 /* MealTableViewCell.swift */ = {isa = PBXFileReference; lastKnownFileType = sourcecode.swift; path = MealTableViewCell.swift; sourceTree = "<group>"; };
		FC5E2B6C2144217C0048409F /* RatingControl.swift */ = {isa = PBXFileReference; lastKnownFileType = sourcecode.swift; path = RatingControl.swift; sourceTree = "<group>"; };
/* End PBXFileReference section */

/* Begin PBXFrameworksBuildPhase section */
		FC1EADFE21422ED100AA470D /* Frameworks */ = {
			isa = PBXFrameworksBuildPhase;
			buildActionMask = 2147483647;
			files = (
			);
			runOnlyForDeploymentPostprocessing = 0;
		};
		FC1EAE1221422ED300AA470D /* Frameworks */ = {
			isa = PBXFrameworksBuildPhase;
			buildActionMask = 2147483647;
			files = (
			);
			runOnlyForDeploymentPostprocessing = 0;
		};
/* End PBXFrameworksBuildPhase section */

/* Begin PBXGroup section */
		FC1EADF821422ED100AA470D = {
			isa = PBXGroup;
			children = (
				FC1EAE0321422ED100AA470D /* FoodTracker */,
				FC1EAE1821422ED300AA470D /* FoodTrackerTests */,
				FC1EAE0221422ED100AA470D /* Products */,
			);
			sourceTree = "<group>";
		};
		FC1EAE0221422ED100AA470D /* Products */ = {
			isa = PBXGroup;
			children = (
				FC1EAE0121422ED100AA470D /* FoodTracker.app */,
				FC1EAE1521422ED300AA470D /* FoodTrackerTests.xctest */,
			);
			name = Products;
			sourceTree = "<group>";
		};
		FC1EAE0321422ED100AA470D /* FoodTracker */ = {
			isa = PBXGroup;
			children = (
				FC1EAE0421422ED100AA470D /* AppDelegate.swift */,
				FC1EAE0621422ED100AA470D /* MealViewController.swift */,
				FC1D4D7121619FAD008AC2CC /* MealTableViewController.swift */,
				FC5E2B6C2144217C0048409F /* RatingControl.swift */,
				FC5CCCE72160994E005FC4F6 /* MealTableViewCell.swift */,
				FC5CCCE521606ED6005FC4F6 /* Meal.swift */,
				FC1EAE0821422ED100AA470D /* Main.storyboard */,
				FC1EAE0B21422ED300AA470D /* Assets.xcassets */,
				FC1EAE0D21422ED300AA470D /* LaunchScreen.storyboard */,
				FC1EAE1021422ED300AA470D /* Info.plist */,
			);
			path = FoodTracker;
			sourceTree = "<group>";
		};
		FC1EAE1821422ED300AA470D /* FoodTrackerTests */ = {
			isa = PBXGroup;
			children = (
				FC1EAE1921422ED300AA470D /* FoodTrackerTests.swift */,
				FC1EAE1B21422ED300AA470D /* Info.plist */,
			);
			path = FoodTrackerTests;
			sourceTree = "<group>";
		};
/* End PBXGroup section */

/* Begin PBXNativeTarget section */
		FC1EAE0021422ED100AA470D /* FoodTracker */ = {
			isa = PBXNativeTarget;
			buildConfigurationList = FC1EAE1E21422ED300AA470D /* Build configuration list for PBXNativeTarget "FoodTracker" */;
			buildPhases = (
				FC1EADFD21422ED100AA470D /* Sources */,
				FC1EADFE21422ED100AA470D /* Frameworks */,
				FC1EADFF21422ED100AA470D /* Resources */,
			);
			buildRules = (
			);
			dependencies = (
			);
			name = FoodTracker;
			productName = FoodTracker;
			productReference = FC1EAE0121422ED100AA470D /* FoodTracker.app */;
			productType = "com.apple.product-type.application";
		};
		FC1EAE1421422ED300AA470D /* FoodTrackerTests */ = {
			isa = PBXNativeTarget;
			buildConfigurationList = FC1EAE2121422ED300AA470D /* Build configuration list for PBXNativeTarget "FoodTrackerTests" */;
			buildPhases = (
				FC1EAE1121422ED300AA470D /* Sources */,
				FC1EAE1221422ED300AA470D /* Frameworks */,
				FC1EAE1321422ED300AA470D /* Resources */,
			);
			buildRules = (
			);
			dependencies = (
				FC1EAE1721422ED300AA470D /* PBXTargetDependency */,
			);
			name = FoodTrackerTests;
			productName = FoodTrackerTests;
			productReference = FC1EAE1521422ED300AA470D /* FoodTrackerTests.xctest */;
			productType = "com.apple.product-type.bundle.unit-test";
		};
/* End PBXNativeTarget section */

/* Begin PBXProject section */
		FC1EADF921422ED100AA470D /* Project object */ = {
			isa = PBXProject;
			attributes = {
				LastSwiftUpdateCheck = 0940;
				LastUpgradeCheck = 0940;
				ORGANIZATIONNAME = "Dylan Sun";
				TargetAttributes = {
					FC1EAE0021422ED100AA470D = {
						CreatedOnToolsVersion = 9.4.1;
					};
					FC1EAE1421422ED300AA470D = {
						CreatedOnToolsVersion = 9.4.1;
						TestTargetID = FC1EAE0021422ED100AA470D;
					};
				};
			};
			buildConfigurationList = FC1EADFC21422ED100AA470D /* Build configuration list for PBXProject "FoodTracker" */;
			compatibilityVersion = "Xcode 9.3";
			developmentRegion = en;
			hasScannedForEncodings = 0;
			knownRegions = (
				en,
				Base,
			);
			mainGroup = FC1EADF821422ED100AA470D;
			productRefGroup = FC1EAE0221422ED100AA470D /* Products */;
			projectDirPath = "";
			projectRoot = "";
			targets = (
				FC1EAE0021422ED100AA470D /* FoodTracker */,
				FC1EAE1421422ED300AA470D /* FoodTrackerTests */,
			);
		};
/* End PBXProject section */

/* Begin PBXResourcesBuildPhase section */
		FC1EADFF21422ED100AA470D /* Resources */ = {
			isa = PBXResourcesBuildPhase;
			buildActionMask = 2147483647;
			files = (
				FC1EAE0F21422ED300AA470D /* LaunchScreen.storyboard in Resources */,
				FC1EAE0C21422ED300AA470D /* Assets.xcassets in Resources */,
				FC1EAE0A21422ED100AA470D /* Main.storyboard in Resources */,
			);
			runOnlyForDeploymentPostprocessing = 0;
		};
		FC1EAE1321422ED300AA470D /* Resources */ = {
			isa = PBXResourcesBuildPhase;
			buildActionMask = 2147483647;
			files = (
			);
			runOnlyForDeploymentPostprocessing = 0;
		};
/* End PBXResourcesBuildPhase section */

/* Begin PBXSourcesBuildPhase section */
		FC1EADFD21422ED100AA470D /* Sources */ = {
			isa = PBXSourcesBuildPhase;
			buildActionMask = 2147483647;
			files = (
				FC5CCCE621606ED6005FC4F6 /* Meal.swift in Sources */,
				FC1EAE0721422ED100AA470D /* MealViewController.swift in Sources */,
				FC5E2B6D2144217C0048409F /* RatingControl.swift in Sources */,
				FC1EAE0521422ED100AA470D /* AppDelegate.swift in Sources */,
				FC1D4D7221619FAD008AC2CC /* MealTableViewController.swift in Sources */,
				FC5CCCE82160994E005FC4F6 /* MealTableViewCell.swift in Sources */,
			);
			runOnlyForDeploymentPostprocessing = 0;
		};
		FC1EAE1121422ED300AA470D /* Sources */ = {
			isa = PBXSourcesBuildPhase;
			buildActionMask = 2147483647;
			files = (
				FC1EAE1A21422ED300AA470D /* FoodTrackerTests.swift in Sources */,
			);
			runOnlyForDeploymentPostprocessing = 0;
		};
/* End PBXSourcesBuildPhase section */

/* Begin PBXTargetDependency section */
		FC1EAE1721422ED300AA470D /* PBXTargetDependency */ = {
			isa = PBXTargetDependency;
			target = FC1EAE0021422ED100AA470D /* FoodTracker */;
			targetProxy = FC1EAE1621422ED300AA470D /* PBXContainerItemProxy */;
		};
/* End PBXTargetDependency section */

/* Begin PBXVariantGroup section */
		FC1EAE0821422ED100AA470D /* Main.storyboard */ = {
			isa = PBXVariantGroup;
			children = (
				FC1EAE0921422ED100AA470D /* Base */,
			);
			name = Main.storyboard;
			sourceTree = "<group>";
		};
		FC1EAE0D21422ED300AA470D /* LaunchScreen.storyboard */ = {
			isa = PBXVariantGroup;
			children = (
				FC1EAE0E21422ED300AA470D /* Base */,
			);
			name = LaunchScreen.storyboard;
			sourceTree = "<group>";
		};
/* End PBXVariantGroup section */

/* Begin XCBuildConfiguration section */
		FC1EAE1C21422ED300AA470D /* Debug */ = {
			isa = XCBuildConfiguration;
			buildSettings = {
				ALWAYS_SEARCH_USER_PATHS = NO;
				CLANG_ANALYZER_NONNULL = YES;
				CLANG_ANALYZER_NUMBER_OBJECT_CONVERSION = YES_AGGRESSIVE;
				CLANG_CXX_LANGUAGE_STANDARD = "gnu++14";
				CLANG_CXX_LIBRARY = "libc++";
				CLANG_ENABLE_MODULES = YES;
				CLANG_ENABLE_OBJC_ARC = YES;
				CLANG_ENABLE_OBJC_WEAK = YES;
				CLANG_WARN_BLOCK_CAPTURE_AUTORELEASING = YES;
				CLANG_WARN_BOOL_CONVERSION = YES;
				CLANG_WARN_COMMA = YES;
				CLANG_WARN_CONSTANT_CONVERSION = YES;
				CLANG_WARN_DEPRECATED_OBJC_IMPLEMENTATIONS = YES;
				CLANG_WARN_DIRECT_OBJC_ISA_USAGE = YES_ERROR;
				CLANG_WARN_DOCUMENTATION_COMMENTS = YES;
				CLANG_WARN_EMPTY_BODY = YES;
				CLANG_WARN_ENUM_CONVERSION = YES;
				CLANG_WARN_INFINITE_RECURSION = YES;
				CLANG_WARN_INT_CONVERSION = YES;
				CLANG_WARN_NON_LITERAL_NULL_CONVERSION = YES;
				CLANG_WARN_OBJC_IMPLICIT_RETAIN_SELF = YES;
				CLANG_WARN_OBJC_LITERAL_CONVERSION = YES;
				CLANG_WARN_OBJC_ROOT_CLASS = YES_ERROR;
				CLANG_WARN_RANGE_LOOP_ANALYSIS = YES;
				CLANG_WARN_STRICT_PROTOTYPES = YES;
				CLANG_WARN_SUSPICIOUS_MOVE = YES;
				CLANG_WARN_UNGUARDED_AVAILABILITY = YES_AGGRESSIVE;
				CLANG_WARN_UNREACHABLE_CODE = YES;
				CLANG_WARN__DUPLICATE_METHOD_MATCH = YES;
				CODE_SIGN_IDENTITY = "iPhone Developer";
				COPY_PHASE_STRIP = NO;
				DEBUG_INFORMATION_FORMAT = dwarf;
				ENABLE_STRICT_OBJC_MSGSEND = YES;
				ENABLE_TESTABILITY = YES;
				GCC_C_LANGUAGE_STANDARD = gnu11;
				GCC_DYNAMIC_NO_PIC = NO;
				GCC_NO_COMMON_BLOCKS = YES;
				GCC_OPTIMIZATION_LEVEL = 0;
				GCC_PREPROCESSOR_DEFINITIONS = (
					"DEBUG=1",
					"$(inherited)",
				);
				GCC_WARN_64_TO_32_BIT_CONVERSION = YES;
				GCC_WARN_ABOUT_RETURN_TYPE = YES_ERROR;
				GCC_WARN_UNDECLARED_SELECTOR = YES;
				GCC_WARN_UNINITIALIZED_AUTOS = YES_AGGRESSIVE;
				GCC_WARN_UNUSED_FUNCTION = YES;
				GCC_WARN_UNUSED_VARIABLE = YES;
				IPHONEOS_DEPLOYMENT_TARGET = 11.4;
				MTL_ENABLE_DEBUG_INFO = YES;
				ONLY_ACTIVE_ARCH = YES;
				SDKROOT = iphoneos;
				SWIFT_ACTIVE_COMPILATION_CONDITIONS = DEBUG;
				SWIFT_OPTIMIZATION_LEVEL = "-Onone";
			};
			name = Debug;
		};
		FC1EAE1D21422ED300AA470D /* Release */ = {
			isa = XCBuildConfiguration;
			buildSettings = {
				ALWAYS_SEARCH_USER_PATHS = NO;
				CLANG_ANALYZER_NONNULL = YES;
				CLANG_ANALYZER_NUMBER_OBJECT_CONVERSION = YES_AGGRESSIVE;
				CLANG_CXX_LANGUAGE_STANDARD = "gnu++14";
				CLANG_CXX_LIBRARY = "libc++";
				CLANG_ENABLE_MODULES = YES;
				CLANG_ENABLE_OBJC_ARC = YES;
				CLANG_ENABLE_OBJC_WEAK = YES;
				CLANG_WARN_BLOCK_CAPTURE_AUTORELEASING = YES;
				CLANG_WARN_BOOL_CONVERSION = YES;
				CLANG_WARN_COMMA = YES;
				CLANG_WARN_CONSTANT_CONVERSION = YES;
				CLANG_WARN_DEPRECATED_OBJC_IMPLEMENTATIONS = YES;
				CLANG_WARN_DIRECT_OBJC_ISA_USAGE = YES_ERROR;
				CLANG_WARN_DOCUMENTATION_COMMENTS = YES;
				CLANG_WARN_EMPTY_BODY = YES;
				CLANG_WARN_ENUM_CONVERSION = YES;
				CLANG_WARN_INFINITE_RECURSION = YES;
				CLANG_WARN_INT_CONVERSION = YES;
				CLANG_WARN_NON_LITERAL_NULL_CONVERSION = YES;
				CLANG_WARN_OBJC_IMPLICIT_RETAIN_SELF = YES;
				CLANG_WARN_OBJC_LITERAL_CONVERSION = YES;
				CLANG_WARN_OBJC_ROOT_CLASS = YES_ERROR;
				CLANG_WARN_RANGE_LOOP_ANALYSIS = YES;
				CLANG_WARN_STRICT_PROTOTYPES = YES;
				CLANG_WARN_SUSPICIOUS_MOVE = YES;
				CLANG_WARN_UNGUARDED_AVAILABILITY = YES_AGGRESSIVE;
				CLANG_WARN_UNREACHABLE_CODE = YES;
				CLANG_WARN__DUPLICATE_METHOD_MATCH = YES;
				CODE_SIGN_IDENTITY = "iPhone Developer";
				COPY_PHASE_STRIP = NO;
				DEBUG_INFORMATION_FORMAT = "dwarf-with-dsym";
				ENABLE_NS_ASSERTIONS = NO;
				ENABLE_STRICT_OBJC_MSGSEND = YES;
				GCC_C_LANGUAGE_STANDARD = gnu11;
				GCC_NO_COMMON_BLOCKS = YES;
				GCC_WARN_64_TO_32_BIT_CONVERSION = YES;
				GCC_WARN_ABOUT_RETURN_TYPE = YES_ERROR;
				GCC_WARN_UNDECLARED_SELECTOR = YES;
				GCC_WARN_UNINITIALIZED_AUTOS = YES_AGGRESSIVE;
				GCC_WARN_UNUSED_FUNCTION = YES;
				GCC_WARN_UNUSED_VARIABLE = YES;
				IPHONEOS_DEPLOYMENT_TARGET = 11.4;
				MTL_ENABLE_DEBUG_INFO = NO;
				SDKROOT = iphoneos;
				SWIFT_COMPILATION_MODE = wholemodule;
				SWIFT_OPTIMIZATION_LEVEL = "-O";
				VALIDATE_PRODUCT = YES;
			};
			name = Release;
		};
		FC1EAE1F21422ED300AA470D /* Debug */ = {
			isa = XCBuildConfiguration;
			buildSettings = {
				ASSETCATALOG_COMPILER_APPICON_NAME = AppIcon;
				CODE_SIGN_STYLE = Automatic;
				INFOPLIST_FILE = FoodTracker/Info.plist;
				LD_RUNPATH_SEARCH_PATHS = (
					"$(inherited)",
					"@executable_path/Frameworks",
				);
				PRODUCT_BUNDLE_IDENTIFIER = com.dylansun.FoodTracker;
				PRODUCT_NAME = "$(TARGET_NAME)";
				SWIFT_VERSION = 4.0;
				TARGETED_DEVICE_FAMILY = "1,2";
			};
			name = Debug;
		};
		FC1EAE2021422ED300AA470D /* Release */ = {
			isa = XCBuildConfiguration;
			buildSettings = {
				ASSETCATALOG_COMPILER_APPICON_NAME = AppIcon;
				CODE_SIGN_STYLE = Automatic;
				INFOPLIST_FILE = FoodTracker/Info.plist;
				LD_RUNPATH_SEARCH_PATHS = (
					"$(inherited)",
					"@executable_path/Frameworks",
				);
				PRODUCT_BUNDLE_IDENTIFIER = com.dylansun.FoodTracker;
				PRODUCT_NAME = "$(TARGET_NAME)";
				SWIFT_VERSION = 4.0;
				TARGETED_DEVICE_FAMILY = "1,2";
			};
			name = Release;
		};
		FC1EAE2221422ED300AA470D /* Debug */ = {
			isa = XCBuildConfiguration;
			buildSettings = {
				ALWAYS_EMBED_SWIFT_STANDARD_LIBRARIES = YES;
				BUNDLE_LOADER = "$(TEST_HOST)";
				CODE_SIGN_STYLE = Automatic;
				INFOPLIST_FILE = FoodTrackerTests/Info.plist;
				LD_RUNPATH_SEARCH_PATHS = (
					"$(inherited)",
					"@executable_path/Frameworks",
					"@loader_path/Frameworks",
				);
				PRODUCT_BUNDLE_IDENTIFIER = com.dylansun.FoodTrackerTests;
				PRODUCT_NAME = "$(TARGET_NAME)";
				SWIFT_VERSION = 4.0;
				TARGETED_DEVICE_FAMILY = "1,2";
				TEST_HOST = "$(BUILT_PRODUCTS_DIR)/FoodTracker.app/FoodTracker";
			};
			name = Debug;
		};
		FC1EAE2321422ED300AA470D /* Release */ = {
			isa = XCBuildConfiguration;
			buildSettings = {
				ALWAYS_EMBED_SWIFT_STANDARD_LIBRARIES = YES;
				BUNDLE_LOADER = "$(TEST_HOST)";
				CODE_SIGN_STYLE = Automatic;
				INFOPLIST_FILE = FoodTrackerTests/Info.plist;
				LD_RUNPATH_SEARCH_PATHS = (
					"$(inherited)",
					"@executable_path/Frameworks",
					"@loader_path/Frameworks",
				);
				PRODUCT_BUNDLE_IDENTIFIER = com.dylansun.FoodTrackerTests;
				PRODUCT_NAME = "$(TARGET_NAME)";
				SWIFT_VERSION = 4.0;
				TARGETED_DEVICE_FAMILY = "1,2";
				TEST_HOST = "$(BUILT_PRODUCTS_DIR)/FoodTracker.app/FoodTracker";
			};
			name = Release;
		};
/* End XCBuildConfiguration section */

/* Begin XCConfigurationList section */
		FC1EADFC21422ED100AA470D /* Build configuration list for PBXProject "FoodTracker" */ = {
			isa = XCConfigurationList;
			buildConfigurations = (
				FC1EAE1C21422ED300AA470D /* Debug */,
				FC1EAE1D21422ED300AA470D /* Release */,
			);
			defaultConfigurationIsVisible = 0;
			defaultConfigurationName = Release;
		};
		FC1EAE1E21422ED300AA470D /* Build configuration list for PBXNativeTarget "FoodTracker" */ = {
			isa = XCConfigurationList;
			buildConfigurations = (
				FC1EAE1F21422ED300AA470D /* Debug */,
				FC1EAE2021422ED300AA470D /* Release */,
			);
			defaultConfigurationIsVisible = 0;
			defaultConfigurationName = Release;
		};
		FC1EAE2121422ED300AA470D /* Build configuration list for PBXNativeTarget "FoodTrackerTests" */ = {
			isa = XCConfigurationList;
			buildConfigurations = (
				FC1EAE2221422ED300AA470D /* Debug */,
				FC1EAE2321422ED300AA470D /* Release */,
			);
			defaultConfigurationIsVisible = 0;
			defaultConfigurationName = Release;
		};
/* End XCConfigurationList section */
	};
	rootObject = FC1EADF921422ED100AA470D /* Project object */;
}
